
Microsoft Visual Studio Solution File, Format Version 12.00
# Visual Studio Version 17
VisualStudioVersion = 17.8.34525.116
MinimumVisualStudioVersion = 10.0.40219.1
Project("{2150E333-8FDC-42A3-9474-1A3956D46DE8}") = "Solution Items", "Solution Items", "{887FC7DA-9A29-4130-92E7-66E21E76CAC4}"
	ProjectSection(SolutionItems) = preProject
		.gitignore = .gitignore
		Directory.Build.props = Directory.Build.props
		Directory.Build.targets = Directory.Build.targets
		global.json = global.json
		LICENSE = LICENSE
		README.md = README.md
		THIRD-PARTY-NOTICES = THIRD-PARTY-NOTICES
	EndProjectSection
EndProject
Project("{FAE04EC0-301F-11D3-BF4B-00C04F79EFBC}") = "Lib.Harmony", "Lib.Harmony\Lib.Harmony.csproj", "{DE9D3761-F5E2-46EA-8CA9-A8ECF52589C0}"
EndProject
Project("{FAE04EC0-301F-11D3-BF4B-00C04F79EFBC}") = "Lib.Harmony.Thin", "Lib.Harmony.Thin\Lib.Harmony.Thin.csproj", "{AFF09524-D41E-4655-A320-762643DC586B}"
EndProject
Project("{FAE04EC0-301F-11D3-BF4B-00C04F79EFBC}") = "Lib.Harmony.Ref", "Lib.Harmony.Ref\Lib.Harmony.Ref.csproj", "{93530C3F-39BC-4CEB-8D70-C36CE500024D}"
EndProject
Project("{D954291E-2A0B-460D-934E-DC6B0785DB48}") = "Harmony", "Harmony\Harmony.shproj", "{8ECC3919-9F65-4A39-B57E-E99A3837DCD0}"
EndProject
Project("{FAE04EC0-301F-11D3-BF4B-00C04F79EFBC}") = "Harmony.Tests", "Harmony.Tests\Harmony.Tests.csproj", "{5AF87E1A-6992-4FBA-9D6F-2CDF4177D562}"
EndProject
Project("{FAE04EC0-301F-11D3-BF4B-00C04F79EFBC}") = "TestLibrary", "TestLibrary\TestLibrary.csproj", "{F28445B3-406B-423E-9406-394DC23C203A}"
EndProject
Project("{2150E333-8FDC-42A3-9474-1A3956D46DE8}") = "LocalMonoMod", "LocalMonoMod", "{878336A4-C027-DD0D-1483-E77C76F5A2E4}"
EndProject
Project("{2150E333-8FDC-42A3-9474-1A3956D46DE8}") = "src", "src", "{F1CCA004-45FF-DF6B-F00B-91A3277EC316}"
EndProject
Project("{FAE04EC0-301F-11D3-BF4B-00C04F79EFBC}") = "MonoMod.Core", "LocalMonoMod\src\MonoMod.Core\MonoMod.Core.csproj", "{2EB31059-AB25-4B5C-B4C9-2C9A84163B0E}"
EndProject
Project("{2150E333-8FDC-42A3-9474-1A3956D46DE8}") = "external", "external", "{9F93217D-0A98-C264-269E-4EED5CA55703}"
EndProject
Project("{FAE04EC0-301F-11D3-BF4B-00C04F79EFBC}") = "iced", "LocalMonoMod\external\iced.csproj", "{4FE188A5-B0B4-4D8B-954E-EF14D91D6E5D}"
EndProject
Project("{FAE04EC0-301F-11D3-BF4B-00C04F79EFBC}") = "MonoMod.SourceGen.Internal", "LocalMonoMod\src\MonoMod.SourceGen.Internal\MonoMod.SourceGen.Internal.csproj", "{B1A248F8-85F0-426D-8021-BB4FC896EDBB}"
EndProject
Project("{FAE04EC0-301F-11D3-BF4B-00C04F79EFBC}") = "MonoMod.Utils", "LocalMonoMod\src\MonoMod.Utils\MonoMod.Utils.csproj", "{29703093-949A-4A21-AAD2-A16BD3580591}"
EndProject
Global
	GlobalSection(SolutionConfigurationPlatforms) = preSolution
		Debug|Any CPU = Debug|Any CPU
		Debug|x64 = Debug|x64
		Debug|x86 = Debug|x86
		Release|Any CPU = Release|Any CPU
		Release|x64 = Release|x64
		Release|x86 = Release|x86
	EndGlobalSection
	GlobalSection(ProjectConfigurationPlatforms) = postSolution
		{DE9D3761-F5E2-46EA-8CA9-A8ECF52589C0}.Debug|Any CPU.ActiveCfg = Debug|Any CPU
		{DE9D3761-F5E2-46EA-8CA9-A8ECF52589C0}.Debug|Any CPU.Build.0 = Debug|Any CPU
		{DE9D3761-F5E2-46EA-8CA9-A8ECF52589C0}.Debug|x64.ActiveCfg = Debug|Any CPU
		{DE9D3761-F5E2-46EA-8CA9-A8ECF52589C0}.Debug|x64.Build.0 = Debug|Any CPU
		{DE9D3761-F5E2-46EA-8CA9-A8ECF52589C0}.Debug|x86.ActiveCfg = Debug|Any CPU
		{DE9D3761-F5E2-46EA-8CA9-A8ECF52589C0}.Debug|x86.Build.0 = Debug|Any CPU
		{DE9D3761-F5E2-46EA-8CA9-A8ECF52589C0}.Release|Any CPU.ActiveCfg = Release|Any CPU
		{DE9D3761-F5E2-46EA-8CA9-A8ECF52589C0}.Release|Any CPU.Build.0 = Release|Any CPU
		{DE9D3761-F5E2-46EA-8CA9-A8ECF52589C0}.Release|x64.ActiveCfg = Release|Any CPU
		{DE9D3761-F5E2-46EA-8CA9-A8ECF52589C0}.Release|x64.Build.0 = Release|Any CPU
		{DE9D3761-F5E2-46EA-8CA9-A8ECF52589C0}.Release|x86.ActiveCfg = Release|Any CPU
		{DE9D3761-F5E2-46EA-8CA9-A8ECF52589C0}.Release|x86.Build.0 = Release|Any CPU
		{AFF09524-D41E-4655-A320-762643DC586B}.Debug|Any CPU.ActiveCfg = Debug|Any CPU
		{AFF09524-D41E-4655-A320-762643DC586B}.Debug|Any CPU.Build.0 = Debug|Any CPU
		{AFF09524-D41E-4655-A320-762643DC586B}.Debug|x64.ActiveCfg = Debug|Any CPU
		{AFF09524-D41E-4655-A320-762643DC586B}.Debug|x64.Build.0 = Debug|Any CPU
		{AFF09524-D41E-4655-A320-762643DC586B}.Debug|x86.ActiveCfg = Debug|Any CPU
		{AFF09524-D41E-4655-A320-762643DC586B}.Debug|x86.Build.0 = Debug|Any CPU
		{AFF09524-D41E-4655-A320-762643DC586B}.Release|Any CPU.ActiveCfg = Release|Any CPU
		{AFF09524-D41E-4655-A320-762643DC586B}.Release|Any CPU.Build.0 = Release|Any CPU
		{AFF09524-D41E-4655-A320-762643DC586B}.Release|x64.ActiveCfg = Release|Any CPU
		{AFF09524-D41E-4655-A320-762643DC586B}.Release|x64.Build.0 = Release|Any CPU
		{AFF09524-D41E-4655-A320-762643DC586B}.Release|x86.ActiveCfg = Release|Any CPU
		{AFF09524-D41E-4655-A320-762643DC586B}.Release|x86.Build.0 = Release|Any CPU
		{93530C3F-39BC-4CEB-8D70-C36CE500024D}.Debug|Any CPU.ActiveCfg = Debug|Any CPU
		{93530C3F-39BC-4CEB-8D70-C36CE500024D}.Debug|Any CPU.Build.0 = Debug|Any CPU
		{93530C3F-39BC-4CEB-8D70-C36CE500024D}.Debug|x64.ActiveCfg = Debug|Any CPU
		{93530C3F-39BC-4CEB-8D70-C36CE500024D}.Debug|x64.Build.0 = Debug|Any CPU
		{93530C3F-39BC-4CEB-8D70-C36CE500024D}.Debug|x86.ActiveCfg = Debug|Any CPU
		{93530C3F-39BC-4CEB-8D70-C36CE500024D}.Debug|x86.Build.0 = Debug|Any CPU
		{93530C3F-39BC-4CEB-8D70-C36CE500024D}.Release|Any CPU.ActiveCfg = Release|Any CPU
		{93530C3F-39BC-4CEB-8D70-C36CE500024D}.Release|Any CPU.Build.0 = Release|Any CPU
		{93530C3F-39BC-4CEB-8D70-C36CE500024D}.Release|x64.ActiveCfg = Release|Any CPU
		{93530C3F-39BC-4CEB-8D70-C36CE500024D}.Release|x64.Build.0 = Release|Any CPU
		{93530C3F-39BC-4CEB-8D70-C36CE500024D}.Release|x86.ActiveCfg = Release|Any CPU
		{93530C3F-39BC-4CEB-8D70-C36CE500024D}.Release|x86.Build.0 = Release|Any CPU
		{5AF87E1A-6992-4FBA-9D6F-2CDF4177D562}.Debug|Any CPU.ActiveCfg = Debug|Any CPU
		{5AF87E1A-6992-4FBA-9D6F-2CDF4177D562}.Debug|Any CPU.Build.0 = Debug|Any CPU
		{5AF87E1A-6992-4FBA-9D6F-2CDF4177D562}.Debug|x64.ActiveCfg = Debug|Any CPU
		{5AF87E1A-6992-4FBA-9D6F-2CDF4177D562}.Debug|x64.Build.0 = Debug|Any CPU
		{5AF87E1A-6992-4FBA-9D6F-2CDF4177D562}.Debug|x86.ActiveCfg = Debug|Any CPU
		{5AF87E1A-6992-4FBA-9D6F-2CDF4177D562}.Debug|x86.Build.0 = Debug|Any CPU
		{5AF87E1A-6992-4FBA-9D6F-2CDF4177D562}.Release|Any CPU.ActiveCfg = Release|Any CPU
		{5AF87E1A-6992-4FBA-9D6F-2CDF4177D562}.Release|Any CPU.Build.0 = Release|Any CPU
		{5AF87E1A-6992-4FBA-9D6F-2CDF4177D562}.Release|x64.ActiveCfg = Release|Any CPU
		{5AF87E1A-6992-4FBA-9D6F-2CDF4177D562}.Release|x64.Build.0 = Release|Any CPU
		{5AF87E1A-6992-4FBA-9D6F-2CDF4177D562}.Release|x86.ActiveCfg = Release|Any CPU
		{5AF87E1A-6992-4FBA-9D6F-2CDF4177D562}.Release|x86.Build.0 = Release|Any CPU
		{F28445B3-406B-423E-9406-394DC23C203A}.Debug|Any CPU.ActiveCfg = Debug|Any CPU
		{F28445B3-406B-423E-9406-394DC23C203A}.Debug|Any CPU.Build.0 = Debug|Any CPU
		{F28445B3-406B-423E-9406-394DC23C203A}.Debug|x64.ActiveCfg = Debug|Any CPU
		{F28445B3-406B-423E-9406-394DC23C203A}.Debug|x64.Build.0 = Debug|Any CPU
		{F28445B3-406B-423E-9406-394DC23C203A}.Debug|x86.ActiveCfg = Debug|Any CPU
		{F28445B3-406B-423E-9406-394DC23C203A}.Debug|x86.Build.0 = Debug|Any CPU
		{F28445B3-406B-423E-9406-394DC23C203A}.Release|Any CPU.ActiveCfg = Release|Any CPU
		{F28445B3-406B-423E-9406-394DC23C203A}.Release|Any CPU.Build.0 = Release|Any CPU
		{F28445B3-406B-423E-9406-394DC23C203A}.Release|x64.ActiveCfg = Release|Any CPU
		{F28445B3-406B-423E-9406-394DC23C203A}.Release|x64.Build.0 = Release|Any CPU
		{F28445B3-406B-423E-9406-394DC23C203A}.Release|x86.ActiveCfg = Release|Any CPU
		{F28445B3-406B-423E-9406-394DC23C203A}.Release|x86.Build.0 = Release|Any CPU
		{2EB31059-AB25-4B5C-B4C9-2C9A84163B0E}.Debug|Any CPU.ActiveCfg = Debug|Any CPU
		{2EB31059-AB25-4B5C-B4C9-2C9A84163B0E}.Debug|Any CPU.Build.0 = Debug|Any CPU
		{2EB31059-AB25-4B5C-B4C9-2C9A84163B0E}.Debug|x64.ActiveCfg = Debug|Any CPU
		{2EB31059-AB25-4B5C-B4C9-2C9A84163B0E}.Debug|x64.Build.0 = Debug|Any CPU
		{2EB31059-AB25-4B5C-B4C9-2C9A84163B0E}.Debug|x86.ActiveCfg = Debug|Any CPU
		{2EB31059-AB25-4B5C-B4C9-2C9A84163B0E}.Debug|x86.Build.0 = Debug|Any CPU
		{2EB31059-AB25-4B5C-B4C9-2C9A84163B0E}.Release|Any CPU.ActiveCfg = Release|Any CPU
		{2EB31059-AB25-4B5C-B4C9-2C9A84163B0E}.Release|Any CPU.Build.0 = Release|Any CPU
		{2EB31059-AB25-4B5C-B4C9-2C9A84163B0E}.Release|x64.ActiveCfg = Release|Any CPU
		{2EB31059-AB25-4B5C-B4C9-2C9A84163B0E}.Release|x64.Build.0 = Release|Any CPU
		{2EB31059-AB25-4B5C-B4C9-2C9A84163B0E}.Release|x86.ActiveCfg = Release|Any CPU
		{2EB31059-AB25-4B5C-B4C9-2C9A84163B0E}.Release|x86.Build.0 = Release|Any CPU
		{4FE188A5-B0B4-4D8B-954E-EF14D91D6E5D}.Debug|Any CPU.ActiveCfg = Debug|Any CPU
		{4FE188A5-B0B4-4D8B-954E-EF14D91D6E5D}.Debug|Any CPU.Build.0 = Debug|Any CPU
		{4FE188A5-B0B4-4D8B-954E-EF14D91D6E5D}.Debug|x64.ActiveCfg = Debug|Any CPU
		{4FE188A5-B0B4-4D8B-954E-EF14D91D6E5D}.Debug|x64.Build.0 = Debug|Any CPU
		{4FE188A5-B0B4-4D8B-954E-EF14D91D6E5D}.Debug|x86.ActiveCfg = Debug|Any CPU
		{4FE188A5-B0B4-4D8B-954E-EF14D91D6E5D}.Debug|x86.Build.0 = Debug|Any CPU
		{4FE188A5-B0B4-4D8B-954E-EF14D91D6E5D}.Release|Any CPU.ActiveCfg = Release|Any CPU
		{4FE188A5-B0B4-4D8B-954E-EF14D91D6E5D}.Release|Any CPU.Build.0 = Release|Any CPU
		{4FE188A5-B0B4-4D8B-954E-EF14D91D6E5D}.Release|x64.ActiveCfg = Release|Any CPU
		{4FE188A5-B0B4-4D8B-954E-EF14D91D6E5D}.Release|x64.Build.0 = Release|Any CPU
		{4FE188A5-B0B4-4D8B-954E-EF14D91D6E5D}.Release|x86.ActiveCfg = Release|Any CPU
		{4FE188A5-B0B4-4D8B-954E-EF14D91D6E5D}.Release|x86.Build.0 = Release|Any CPU
		{B1A248F8-85F0-426D-8021-BB4FC896EDBB}.Debug|Any CPU.ActiveCfg = Debug|Any CPU
		{B1A248F8-85F0-426D-8021-BB4FC896EDBB}.Debug|Any CPU.Build.0 = Debug|Any CPU
		{B1A248F8-85F0-426D-8021-BB4FC896EDBB}.Debug|x64.ActiveCfg = Debug|Any CPU
		{B1A248F8-85F0-426D-8021-BB4FC896EDBB}.Debug|x64.Build.0 = Debug|Any CPU
		{B1A248F8-85F0-426D-8021-BB4FC896EDBB}.Debug|x86.ActiveCfg = Debug|Any CPU
		{B1A248F8-85F0-426D-8021-BB4FC896EDBB}.Debug|x86.Build.0 = Debug|Any CPU
		{B1A248F8-85F0-426D-8021-BB4FC896EDBB}.Release|Any CPU.ActiveCfg = Release|Any CPU
		{B1A248F8-85F0-426D-8021-BB4FC896EDBB}.Release|Any CPU.Build.0 = Release|Any CPU
		{B1A248F8-85F0-426D-8021-BB4FC896EDBB}.Release|x64.ActiveCfg = Release|Any CPU
		{B1A248F8-85F0-426D-8021-BB4FC896EDBB}.Release|x64.Build.0 = Release|Any CPU
		{B1A248F8-85F0-426D-8021-BB4FC896EDBB}.Release|x86.ActiveCfg = Release|Any CPU
		{B1A248F8-85F0-426D-8021-BB4FC896EDBB}.Release|x86.Build.0 = Release|Any CPU
		{29703093-949A-4A21-AAD2-A16BD3580591}.Debug|Any CPU.ActiveCfg = Debug|Any CPU
		{29703093-949A-4A21-AAD2-A16BD3580591}.Debug|Any CPU.Build.0 = Debug|Any CPU
		{29703093-949A-4A21-AAD2-A16BD3580591}.Debug|x64.ActiveCfg = Debug|Any CPU
		{29703093-949A-4A21-AAD2-A16BD3580591}.Debug|x64.Build.0 = Debug|Any CPU
		{29703093-949A-4A21-AAD2-A16BD3580591}.Debug|x86.ActiveCfg = Debug|Any CPU
		{29703093-949A-4A21-AAD2-A16BD3580591}.Debug|x86.Build.0 = Debug|Any CPU
		{29703093-949A-4A21-AAD2-A16BD3580591}.Release|Any CPU.ActiveCfg = Release|Any CPU
		{29703093-949A-4A21-AAD2-A16BD3580591}.Release|Any CPU.Build.0 = Release|Any CPU
		{29703093-949A-4A21-AAD2-A16BD3580591}.Release|x64.ActiveCfg = Release|Any CPU
		{29703093-949A-4A21-AAD2-A16BD3580591}.Release|x64.Build.0 = Release|Any CPU
		{29703093-949A-4A21-AAD2-A16BD3580591}.Release|x86.ActiveCfg = Release|Any CPU
		{29703093-949A-4A21-AAD2-A16BD3580591}.Release|x86.Build.0 = Release|Any CPU
	EndGlobalSection
	GlobalSection(SolutionProperties) = preSolution
		HideSolutionNode = FALSE
	EndGlobalSection
	GlobalSection(NestedProjects) = preSolution
		{F1CCA004-45FF-DF6B-F00B-91A3277EC316} = {878336A4-C027-DD0D-1483-E77C76F5A2E4}
		{2EB31059-AB25-4B5C-B4C9-2C9A84163B0E} = {F1CCA004-45FF-DF6B-F00B-91A3277EC316}
		{9F93217D-0A98-C264-269E-4EED5CA55703} = {878336A4-C027-DD0D-1483-E77C76F5A2E4}
		{4FE188A5-B0B4-4D8B-954E-EF14D91D6E5D} = {9F93217D-0A98-C264-269E-4EED5CA55703}
		{B1A248F8-85F0-426D-8021-BB4FC896EDBB} = {F1CCA004-45FF-DF6B-F00B-91A3277EC316}
		{29703093-949A-4A21-AAD2-A16BD3580591} = {F1CCA004-45FF-DF6B-F00B-91A3277EC316}
	EndGlobalSection
	GlobalSection(ExtensibilityGlobals) = postSolution
		SolutionGuid = {61622750-C658-496F-B2E2-75D94AF6CF8B}
	EndGlobalSection
	GlobalSection(SharedMSBuildProjectFiles) = preSolution
		Harmony\Harmony.projitems*{8ecc3919-9f65-4a39-b57e-e99a3837dcd0}*SharedItemsImports = 13
		Harmony\Harmony.projitems*{93530c3f-39bc-4ceb-8d70-c36ce500024d}*SharedItemsImports = 5
		Harmony\Harmony.projitems*{aff09524-d41e-4655-a320-762643dc586b}*SharedItemsImports = 5
		Harmony\Harmony.projitems*{de9d3761-f5e2-46ea-8ca9-a8ecf52589c0}*SharedItemsImports = 5
	EndGlobalSection
EndGlobal
